
Microsoft Visual Studio Solution File, Format Version 12.00
# Visual Studio 15
Project("{FAE04EC0-301F-11D3-BF4B-00C04F79EFBC}") = "YouFat", "YouFat.csproj", "{D13A76CB-2B91-4C82-45A1-A9543793D4C3}"
EndProject
Global
	GlobalSection(SolutionConfigurationPlatforms) = preSolution
		Debug|Any CPU = Debug|Any CPU
		Release|Any CPU = Release|Any CPU
	EndGlobalSection
	GlobalSection(ProjectConfigurationPlatforms) = postSolution
		{D13A76CB-2B91-4C82-45A1-A9543793D4C3}.Debug|Any CPU.ActiveCfg = Debug|Any CPU
		{D13A76CB-2B91-4C82-45A1-A9543793D4C3}.Debug|Any CPU.Build.0 = Debug|Any CPU
		{D13A76CB-2B91-4C82-45A1-A9543793D4C3}.Release|Any CPU.ActiveCfg = Release|Any CPU
		{D13A76CB-2B91-4C82-45A1-A9543793D4C3}.Release|Any CPU.Build.0 = Release|Any CPU
	EndGlobalSection
	GlobalSection(SolutionProperties) = preSolution
		HideSolutionNode = FALSE
	EndGlobalSection
EndGlobal
